PODS:
  - AMap3DMapDebug (5.0.0-beta6)
  - AMapFoundationDebug (1.4.0-beta2)
  - AMapNaviKit (5.0.0)

DEPENDENCIES:
  - AMap3DMapDebug (from `git@gitlab.alibaba-inc.com:AMap_iOS_Pod/AMap3DMapDebug.git`, branch `master`)
  - AMapFoundationDebug (from `git@gitlab.alibaba-inc.com:AMap_iOS_Pod/AMapFoundationDebug.git`, branch `dev`)
  - AMapNaviKit (from `AMapNaviKit.podspec`)

EXTERNAL SOURCES:
  AMap3DMapDebug:
    :branch: master
    :git: git@gitlab.alibaba-inc.com:AMap_iOS_Pod/AMap3DMapDebug.git
  AMapFoundationDebug:
    :branch: dev
    :git: git@gitlab.alibaba-inc.com:AMap_iOS_Pod/AMapFoundationDebug.git
  AMapNaviKit:
    :podspec: AMapNaviKit.podspec

CHECKOUT OPTIONS:
  AMap3DMapDebug:
    :commit: caf31b9360ff64775587b548227e4486f34b879a
    :git: git@gitlab.alibaba-inc.com:AMap_iOS_Pod/AMap3DMapDebug.git
  AMapFoundationDebug:
    :commit: c5100c6f4779c3120b10a62d44d23ace6f89796e
    :git: git@gitlab.alibaba-inc.com:AMap_iOS_Pod/AMapFoundationDebug.git

SPEC CHECKSUMS:
  AMap3DMapDebug: 110559e5489144b524f7bf7267de38c55e57a91f
  AMapFoundationDebug: b827be06668f623fac5d1e12303577ae095dee9c
  AMapNaviKit: 3433fdcee2845e149ddc2df008ce1dc5fc8452f0

PODFILE CHECKSUM: d066fe63dff94e00537e0758a4aff3691a422e23

COCOAPODS: 1.1.1
