PODS:
  - AMap3DMapDebug (5.0.0-beat3)
  - AMapFoundationDebug (1.4.0-beta2)
  - AMapNaviKit (5.0.0)

DEPENDENCIES:
  - AMap3DMapDebug (from `git@gitlab.alibaba-inc.com:AMap_iOS_Pod/AMap3DMapDebug.git`, branch `master`)
  - AMapFoundationDebug (from `git@gitlab.alibaba-inc.com:AMap_iOS_Pod/AMapFoundationDebug.git`, branch `dev`)
  - AMapNaviKit (from `AMapNaviKit.podspec`)

EXTERNAL SOURCES:
  AMap3DMapDebug:
    :branch: master
    :git: git@gitlab.alibaba-inc.com:AMap_iOS_Pod/AMap3DMapDebug.git
  AMapFoundationDebug:
    :branch: dev
    :git: git@gitlab.alibaba-inc.com:AMap_iOS_Pod/AMapFoundationDebug.git
  AMapNaviKit:
    :podspec: AMapNaviKit.podspec

CHECKOUT OPTIONS:
  AMap3DMapDebug:
    :commit: 0448937117f06ee773fc85f525063c9740289507
    :git: git@gitlab.alibaba-inc.com:AMap_iOS_Pod/AMap3DMapDebug.git
  AMapFoundationDebug:
    :commit: c5100c6f4779c3120b10a62d44d23ace6f89796e
    :git: git@gitlab.alibaba-inc.com:AMap_iOS_Pod/AMapFoundationDebug.git

SPEC CHECKSUMS:
  AMap3DMapDebug: b1a500d270e4ed3afe964eb422a26fcff288bc14
  AMapFoundationDebug: b827be06668f623fac5d1e12303577ae095dee9c
  AMapNaviKit: 4548a03b563f17162442c077468ba5bedd616c87

PODFILE CHECKSUM: d066fe63dff94e00537e0758a4aff3691a422e23

COCOAPODS: 1.1.1
